
Microsoft Visual Studio Solution File, Format Version 12.00
# Visual Studio Version 17
VisualStudioVersion = 17.14.36221.1
MinimumVisualStudioVersion = 10.0.40219.1
Project("{FAE04EC0-301F-11D3-BF4B-00C04F79EFBC}") = "PresentationLayer", "ApiPhoneStore\PresentationLayer.csproj", "{4F6C1E52-C182-443A-A069-6E7A3F632209}"
EndProject
Project("{FAE04EC0-301F-11D3-BF4B-00C04F79EFBC}") = "DataAccessLayer", "DataAccessLayer\DataAccessLayer.csproj", "{50FCD41F-39E6-40BF-B69B-BE31F214A653}"
EndProject
Project("{FAE04EC0-301F-11D3-BF4B-00C04F79EFBC}") = "BusinessLogicLayer", "BusinessLogicLayer\BusinessLogicLayer.csproj", "{3B235685-A6B9-472D-80C0-239B27BEFC53}"
EndProject
Global
	GlobalSection(SolutionConfigurationPlatforms) = preSolution
		Debug|Any CPU = Debug|Any CPU
		Release|Any CPU = Release|Any CPU
	EndGlobalSection
	GlobalSection(ProjectConfigurationPlatforms) = postSolution
		{4F6C1E52-C182-443A-A069-6E7A3F632209}.Debug|Any CPU.ActiveCfg = Debug|Any CPU
		{4F6C1E52-C182-443A-A069-6E7A3F632209}.Debug|Any CPU.Build.0 = Debug|Any CPU
		{4F6C1E52-C182-443A-A069-6E7A3F632209}.Release|Any CPU.ActiveCfg = Release|Any CPU
		{4F6C1E52-C182-443A-A069-6E7A3F632209}.Release|Any CPU.Build.0 = Release|Any CPU
		{50FCD41F-39E6-40BF-B69B-BE31F214A653}.Debug|Any CPU.ActiveCfg = Debug|Any CPU
		{50FCD41F-39E6-40BF-B69B-BE31F214A653}.Debug|Any CPU.Build.0 = Debug|Any CPU
		{50FCD41F-39E6-40BF-B69B-BE31F214A653}.Release|Any CPU.ActiveCfg = Release|Any CPU
		{50FCD41F-39E6-40BF-B69B-BE31F214A653}.Release|Any CPU.Build.0 = Release|Any CPU
		{3B235685-A6B9-472D-80C0-239B27BEFC53}.Debug|Any CPU.ActiveCfg = Debug|Any CPU
		{3B235685-A6B9-472D-80C0-239B27BEFC53}.Debug|Any CPU.Build.0 = Debug|Any CPU
		{3B235685-A6B9-472D-80C0-239B27BEFC53}.Release|Any CPU.ActiveCfg = Release|Any CPU
		{3B235685-A6B9-472D-80C0-239B27BEFC53}.Release|Any CPU.Build.0 = Release|Any CPU
	EndGlobalSection
	GlobalSection(SolutionProperties) = preSolution
		HideSolutionNode = FALSE
	EndGlobalSection
	GlobalSection(ExtensibilityGlobals) = postSolution
		SolutionGuid = {54B9764E-8F91-4633-9F79-64CDF2A835AF}
	EndGlobalSection
EndGlobal
